
Microsoft Visual Studio Solution File, Format Version 12.00
# Visual Studio Version 16
VisualStudioVersion = 16.0.30523.141
MinimumVisualStudioVersion = 10.0.40219.1
Project("{FAE04EC0-301F-11D3-BF4B-00C04F79EFBC}") = "Cryptometheus", "Cryptometheus\Cryptometheus.csproj", "{265C60A7-2D51-463C-A80A-FDF439CCCC75}"
EndProject
Global
	GlobalSection(SolutionConfigurationPlatforms) = preSolution
		Debug|Any CPU = Debug|Any CPU
		Release|Any CPU = Release|Any CPU
	EndGlobalSection
	GlobalSection(ProjectConfigurationPlatforms) = postSolution
		{265C60A7-2D51-463C-A80A-FDF439CCCC75}.Debug|Any CPU.ActiveCfg = Debug|Any CPU
		{265C60A7-2D51-463C-A80A-FDF439CCCC75}.Debug|Any CPU.Build.0 = Debug|Any CPU
		{265C60A7-2D51-463C-A80A-FDF439CCCC75}.Release|Any CPU.ActiveCfg = Release|Any CPU
		{265C60A7-2D51-463C-A80A-FDF439CCCC75}.Release|Any CPU.Build.0 = Release|Any CPU
	EndGlobalSection
	GlobalSection(SolutionProperties) = preSolution
		HideSolutionNode = FALSE
	EndGlobalSection
	GlobalSection(ExtensibilityGlobals) = postSolution
		SolutionGuid = {725517CB-69E8-4C0C-86C8-0BBDCEB14E9A}
	EndGlobalSection
EndGlobal
